
Microsoft Visual Studio Solution File, Format Version 12.00
# Visual Studio 15
VisualStudioVersion = 15.0.28010.2046
MinimumVisualStudioVersion = 10.0.40219.1
Project("{9A19103F-16F7-4668-BE54-9A1E7A4F7556}") = "FifaPlayers", "FifaPlayers\FifaPlayers.csproj", "{BD48EC0B-C9E9-4B94-8AF1-DA89AD899C29}"
EndProject
Project("{FAE04EC0-301F-11D3-BF4B-00C04F79EFBC}") = "ImportFifaPlayers", "ImportFifaPlayers\ImportFifaPlayers.csproj", "{38E6CCD8-B9BC-464D-B1B4-654BF6C17ECE}"
EndProject
Global
	GlobalSection(SolutionConfigurationPlatforms) = preSolution
		Debug|Any CPU = Debug|Any CPU
		Release|Any CPU = Release|Any CPU
	EndGlobalSection
	GlobalSection(ProjectConfigurationPlatforms) = postSolution
		{BD48EC0B-C9E9-4B94-8AF1-DA89AD899C29}.Debug|Any CPU.ActiveCfg = Debug|Any CPU
		{BD48EC0B-C9E9-4B94-8AF1-DA89AD899C29}.Debug|Any CPU.Build.0 = Debug|Any CPU
		{BD48EC0B-C9E9-4B94-8AF1-DA89AD899C29}.Release|Any CPU.ActiveCfg = Release|Any CPU
		{BD48EC0B-C9E9-4B94-8AF1-DA89AD899C29}.Release|Any CPU.Build.0 = Release|Any CPU
		{38E6CCD8-B9BC-464D-B1B4-654BF6C17ECE}.Debug|Any CPU.ActiveCfg = Debug|Any CPU
		{38E6CCD8-B9BC-464D-B1B4-654BF6C17ECE}.Debug|Any CPU.Build.0 = Debug|Any CPU
		{38E6CCD8-B9BC-464D-B1B4-654BF6C17ECE}.Release|Any CPU.ActiveCfg = Release|Any CPU
		{38E6CCD8-B9BC-464D-B1B4-654BF6C17ECE}.Release|Any CPU.Build.0 = Release|Any CPU
	EndGlobalSection
	GlobalSection(SolutionProperties) = preSolution
		HideSolutionNode = FALSE
	EndGlobalSection
	GlobalSection(ExtensibilityGlobals) = postSolution
		SolutionGuid = {5D5081FD-6B92-4F72-87C9-408BC6A15BDE}
	EndGlobalSection
EndGlobal
